{
    "requires": true,
    "lockfileVersion": 1,
    "dependencies": {
        "electron-log": {
            "version": "2.2.17",
            "resolved": "https://registry.npmjs.org/electron-log/-/electron-log-2.2.17.tgz",
            "integrity": "sha512-v+Af5W5z99ehhaLOfE9eTSXUwjzh2wFlQjz51dvkZ6ZIrET6OB/zAZPvsuwT6tm3t5x+M1r+Ed3U3xtPZYAyuQ=="
        }
    }
}
